
Microsoft Visual Studio Solution File, Format Version 12.00
Project("{F2A71F9B-5D33-465A-A702-920D77279786}") = "Day1", "Day1\Day1.fsproj", "{87487D7D-CB6A-4229-A257-E0A7D3DB9E18}"
EndProject
Project("{F2A71F9B-5D33-465A-A702-920D77279786}") = "Day2", "Day2\Day2.fsproj", "{96C28B7D-4B37-4071-A80B-7E95ED7FA693}"
EndProject
Project("{F2A71F9B-5D33-465A-A702-920D77279786}") = "Day3", "Day3\Day3.fsproj", "{12E80B9D-FFF2-460D-B94B-E1A015CE47F2}"
EndProject
Project("{F2A71F9B-5D33-465A-A702-920D77279786}") = "AOCTests", "AOCTests\AOCTests.fsproj", "{DC46B27B-C8AF-4E07-A8C6-B823B6E75881}"
EndProject
Global
	GlobalSection(SolutionConfigurationPlatforms) = preSolution
		Debug|Any CPU = Debug|Any CPU
		Release|Any CPU = Release|Any CPU
	EndGlobalSection
	GlobalSection(ProjectConfigurationPlatforms) = postSolution
		{87487D7D-CB6A-4229-A257-E0A7D3DB9E18}.Debug|Any CPU.ActiveCfg = Debug|Any CPU
		{87487D7D-CB6A-4229-A257-E0A7D3DB9E18}.Debug|Any CPU.Build.0 = Debug|Any CPU
		{87487D7D-CB6A-4229-A257-E0A7D3DB9E18}.Release|Any CPU.ActiveCfg = Release|Any CPU
		{87487D7D-CB6A-4229-A257-E0A7D3DB9E18}.Release|Any CPU.Build.0 = Release|Any CPU
		{96C28B7D-4B37-4071-A80B-7E95ED7FA693}.Debug|Any CPU.ActiveCfg = Debug|Any CPU
		{96C28B7D-4B37-4071-A80B-7E95ED7FA693}.Debug|Any CPU.Build.0 = Debug|Any CPU
		{96C28B7D-4B37-4071-A80B-7E95ED7FA693}.Release|Any CPU.ActiveCfg = Release|Any CPU
		{96C28B7D-4B37-4071-A80B-7E95ED7FA693}.Release|Any CPU.Build.0 = Release|Any CPU
		{12E80B9D-FFF2-460D-B94B-E1A015CE47F2}.Debug|Any CPU.ActiveCfg = Debug|Any CPU
		{12E80B9D-FFF2-460D-B94B-E1A015CE47F2}.Debug|Any CPU.Build.0 = Debug|Any CPU
		{12E80B9D-FFF2-460D-B94B-E1A015CE47F2}.Release|Any CPU.ActiveCfg = Release|Any CPU
		{12E80B9D-FFF2-460D-B94B-E1A015CE47F2}.Release|Any CPU.Build.0 = Release|Any CPU
		{DC46B27B-C8AF-4E07-A8C6-B823B6E75881}.Debug|Any CPU.ActiveCfg = Debug|Any CPU
		{DC46B27B-C8AF-4E07-A8C6-B823B6E75881}.Debug|Any CPU.Build.0 = Debug|Any CPU
		{DC46B27B-C8AF-4E07-A8C6-B823B6E75881}.Release|Any CPU.ActiveCfg = Release|Any CPU
		{DC46B27B-C8AF-4E07-A8C6-B823B6E75881}.Release|Any CPU.Build.0 = Release|Any CPU
	EndGlobalSection
EndGlobal
